// !$*UTF8*$!
{
	archiveVersion = 1;
	classes = {
	};
	objectVersion = 50;
	objects = {

/* Begin PBXBuildFile section */
		DF714FAC28ABD58E0009B4A6 /* fossils.json in Resources */ = {isa = PBXBuildFile; fileRef = DF714FA928ABD58E0009B4A6 /* fossils.json */; };
		DF714FAD28ABD58E0009B4A6 /* arts.json in Resources */ = {isa = PBXBuildFile; fileRef = DF714FAA28ABD58E0009B4A6 /* arts.json */; };
		DF714FAE28ABD58E0009B4A6 /* creatures.json in Resources */ = {isa = PBXBuildFile; fileRef = DF714FAB28ABD58E0009B4A6 /* creatures.json */; };
		ED04000528A19BD1003C9732 /* Fossils.swift in Sources */ = {isa = PBXBuildFile; fileRef = ED04000428A19BD1003C9732 /* Fossils.swift */; };
		ED04000728A2B415003C9732 /* Month.swift in Sources */ = {isa = PBXBuildFile; fileRef = ED04000628A2B415003C9732 /* Month.swift */; };
		ED04FFF728A16306003C9732 /* Creature.swift in Sources */ = {isa = PBXBuildFile; fileRef = ED04FFF628A16306003C9732 /* Creature.swift */; };
		ED04FFFF28A196B4003C9732 /* Art.swift in Sources */ = {isa = PBXBuildFile; fileRef = ED04FFFE28A196B4003C9732 /* Art.swift */; };
		EDBD7D5D289D67F40081F5C9 /* CatalogableMenuView.swift in Sources */ = {isa = PBXBuildFile; fileRef = EDBD7D5C289D67F40081F5C9 /* CatalogableMenuView.swift */; };
		EDBD7D5F289D6A9B0081F5C9 /* MuseumView.swift in Sources */ = {isa = PBXBuildFile; fileRef = EDBD7D5E289D6A9B0081F5C9 /* MuseumView.swift */; };
		EDBD7D61289D6EFE0081F5C9 /* UserView.swift in Sources */ = {isa = PBXBuildFile; fileRef = EDBD7D60289D6EFE0081F5C9 /* UserView.swift */; };
		EDBD7D65289D7B0C0081F5C9 /* HInfoFieldCode.swift in Sources */ = {isa = PBXBuildFile; fileRef = EDBD7D64289D7B0C0081F5C9 /* HInfoFieldCode.swift */; };
		EDBD7D67289D7E280081F5C9 /* IconView.swift in Sources */ = {isa = PBXBuildFile; fileRef = EDBD7D66289D7E280081F5C9 /* IconView.swift */; };
		EDBD7D69289E734A0081F5C9 /* GameEntity.swift in Sources */ = {isa = PBXBuildFile; fileRef = EDBD7D68289E734A0081F5C9 /* GameEntity.swift */; };
		EDBD7D6B289E77F90081F5C9 /* Catalogable.swift in Sources */ = {isa = PBXBuildFile; fileRef = EDBD7D6A289E77F90081F5C9 /* Catalogable.swift */; };
		EDD161E9289C1B6B000C9798 /* CatalogableListView.swift in Sources */ = {isa = PBXBuildFile; fileRef = EDD161E8289C1B6B000C9798 /* CatalogableListView.swift */; };
		EDD161EB289C1C5C000C9798 /* CatalogableRowView.swift in Sources */ = {isa = PBXBuildFile; fileRef = EDD161EA289C1C5C000C9798 /* CatalogableRowView.swift */; };
		EDD161ED289C2608000C9798 /* villagers.json in Resources */ = {isa = PBXBuildFile; fileRef = EDD161EC289C2608000C9798 /* villagers.json */; };
		EDD161EF289C280B000C9798 /* HomeView.swift in Sources */ = {isa = PBXBuildFile; fileRef = EDD161EE289C280B000C9798 /* HomeView.swift */; };
		EDD161F1289C418D000C9798 /* CatalogView.swift in Sources */ = {isa = PBXBuildFile; fileRef = EDD161F0289C418D000C9798 /* CatalogView.swift */; };
		EDDB841A289BA26F003675B0 /* ACBookApp.swift in Sources */ = {isa = PBXBuildFile; fileRef = EDDB8419289BA26F003675B0 /* ACBookApp.swift */; };
		EDDB841C289BA26F003675B0 /* ContentView.swift in Sources */ = {isa = PBXBuildFile; fileRef = EDDB841B289BA26F003675B0 /* ContentView.swift */; };
		EDDB841E289BA272003675B0 /* Assets.xcassets in Resources */ = {isa = PBXBuildFile; fileRef = EDDB841D289BA272003675B0 /* Assets.xcassets */; };
		EDDB8421289BA272003675B0 /* Preview Assets.xcassets in Resources */ = {isa = PBXBuildFile; fileRef = EDDB8420289BA272003675B0 /* Preview Assets.xcassets */; };
		EDDB8423289BA272003675B0 /* Persistence.swift in Sources */ = {isa = PBXBuildFile; fileRef = EDDB8422289BA272003675B0 /* Persistence.swift */; };
		EDDB8426289BA272003675B0 /* ACBook.xcdatamodeld in Sources */ = {isa = PBXBuildFile; fileRef = EDDB8424289BA272003675B0 /* ACBook.xcdatamodeld */; };
		EDDB842F289BA2F3003675B0 /* CatalogableDetailsView.swift in Sources */ = {isa = PBXBuildFile; fileRef = EDDB842E289BA2F3003675B0 /* CatalogableDetailsView.swift */; };
		EDDB8431289BBDE1003675B0 /* CircleImage.swift in Sources */ = {isa = PBXBuildFile; fileRef = EDDB8430289BBDE1003675B0 /* CircleImage.swift */; };
		EDDB8433289BBE23003675B0 /* DataLoader.swift in Sources */ = {isa = PBXBuildFile; fileRef = EDDB8432289BBE23003675B0 /* DataLoader.swift */; };
		EDDB8435289BC37E003675B0 /* HInfo.swift in Sources */ = {isa = PBXBuildFile; fileRef = EDDB8434289BC37E003675B0 /* HInfo.swift */; };
		EDDB8438289BC9B7003675B0 /* Villager.swift in Sources */ = {isa = PBXBuildFile; fileRef = EDDB8437289BC9B7003675B0 /* Villager.swift */; };
		EDDB843C289BCD30003675B0 /* ModelData.swift in Sources */ = {isa = PBXBuildFile; fileRef = EDDB843B289BCD30003675B0 /* ModelData.swift */; };
/* End PBXBuildFile section */

/* Begin PBXFileReference section */
		DF714FA928ABD58E0009B4A6 /* fossils.json */ = {isa = PBXFileReference; fileEncoding = 4; lastKnownFileType = text.json; name = fossils.json; path = ../../../fossils.json; sourceTree = "<group>"; };
		DF714FAA28ABD58E0009B4A6 /* arts.json */ = {isa = PBXFileReference; fileEncoding = 4; lastKnownFileType = text.json; name = arts.json; path = ../../../arts.json; sourceTree = "<group>"; };
		DF714FAB28ABD58E0009B4A6 /* creatures.json */ = {isa = PBXFileReference; fileEncoding = 4; lastKnownFileType = text.json; name = creatures.json; path = ../../../creatures.json; sourceTree = "<group>"; };
		ED04000428A19BD1003C9732 /* Fossils.swift */ = {isa = PBXFileReference; lastKnownFileType = sourcecode.swift; path = Fossils.swift; sourceTree = "<group>"; };
		ED04000628A2B415003C9732 /* Month.swift */ = {isa = PBXFileReference; lastKnownFileType = sourcecode.swift; path = Month.swift; sourceTree = "<group>"; };
		ED04FFF628A16306003C9732 /* Creature.swift */ = {isa = PBXFileReference; lastKnownFileType = sourcecode.swift; path = Creature.swift; sourceTree = "<group>"; };
		ED04FFFE28A196B4003C9732 /* Art.swift */ = {isa = PBXFileReference; lastKnownFileType = sourcecode.swift; path = Art.swift; sourceTree = "<group>"; };
		EDBD7D5C289D67F40081F5C9 /* CatalogableMenuView.swift */ = {isa = PBXFileReference; lastKnownFileType = sourcecode.swift; path = CatalogableMenuView.swift; sourceTree = "<group>"; };
		EDBD7D5E289D6A9B0081F5C9 /* MuseumView.swift */ = {isa = PBXFileReference; lastKnownFileType = sourcecode.swift; path = MuseumView.swift; sourceTree = "<group>"; };
		EDBD7D60289D6EFE0081F5C9 /* UserView.swift */ = {isa = PBXFileReference; lastKnownFileType = sourcecode.swift; path = UserView.swift; sourceTree = "<group>"; };
		EDBD7D64289D7B0C0081F5C9 /* HInfoFieldCode.swift */ = {isa = PBXFileReference; lastKnownFileType = sourcecode.swift; path = HInfoFieldCode.swift; sourceTree = "<group>"; };
		EDBD7D66289D7E280081F5C9 /* IconView.swift */ = {isa = PBXFileReference; lastKnownFileType = sourcecode.swift; path = IconView.swift; sourceTree = "<group>"; };
		EDBD7D68289E734A0081F5C9 /* GameEntity.swift */ = {isa = PBXFileReference; lastKnownFileType = sourcecode.swift; path = GameEntity.swift; sourceTree = "<group>"; };
		EDBD7D6A289E77F90081F5C9 /* Catalogable.swift */ = {isa = PBXFileReference; lastKnownFileType = sourcecode.swift; path = Catalogable.swift; sourceTree = "<group>"; };
		EDD161E8289C1B6B000C9798 /* CatalogableListView.swift */ = {isa = PBXFileReference; lastKnownFileType = sourcecode.swift; path = CatalogableListView.swift; sourceTree = "<group>"; };
		EDD161EA289C1C5C000C9798 /* CatalogableRowView.swift */ = {isa = PBXFileReference; lastKnownFileType = sourcecode.swift; path = CatalogableRowView.swift; sourceTree = "<group>"; };
		EDD161EC289C2608000C9798 /* villagers.json */ = {isa = PBXFileReference; fileEncoding = 4; lastKnownFileType = text.json; path = villagers.json; sourceTree = "<group>"; };
		EDD161EE289C280B000C9798 /* HomeView.swift */ = {isa = PBXFileReference; lastKnownFileType = sourcecode.swift; path = HomeView.swift; sourceTree = "<group>"; };
		EDD161F0289C418D000C9798 /* CatalogView.swift */ = {isa = PBXFileReference; lastKnownFileType = sourcecode.swift; path = CatalogView.swift; sourceTree = "<group>"; };
		EDDB8416289BA26F003675B0 /* ACBook.app */ = {isa = PBXFileReference; explicitFileType = wrapper.application; includeInIndex = 0; path = ACBook.app; sourceTree = BUILT_PRODUCTS_DIR; };
		EDDB8419289BA26F003675B0 /* ACBookApp.swift */ = {isa = PBXFileReference; lastKnownFileType = sourcecode.swift; path = ACBookApp.swift; sourceTree = "<group>"; };
		EDDB841B289BA26F003675B0 /* ContentView.swift */ = {isa = PBXFileReference; lastKnownFileType = sourcecode.swift; path = ContentView.swift; sourceTree = "<group>"; };
		EDDB841D289BA272003675B0 /* Assets.xcassets */ = {isa = PBXFileReference; lastKnownFileType = folder.assetcatalog; path = Assets.xcassets; sourceTree = "<group>"; };
		EDDB8420289BA272003675B0 /* Preview Assets.xcassets */ = {isa = PBXFileReference; lastKnownFileType = folder.assetcatalog; path = "Preview Assets.xcassets"; sourceTree = "<group>"; };
		EDDB8422289BA272003675B0 /* Persistence.swift */ = {isa = PBXFileReference; lastKnownFileType = sourcecode.swift; path = Persistence.swift; sourceTree = "<group>"; };
		EDDB8425289BA272003675B0 /* ACBook.xcdatamodel */ = {isa = PBXFileReference; lastKnownFileType = wrapper.xcdatamodel; path = ACBook.xcdatamodel; sourceTree = "<group>"; };
		EDDB8427289BA272003675B0 /* Info.plist */ = {isa = PBXFileReference; lastKnownFileType = text.plist.xml; path = Info.plist; sourceTree = "<group>"; };
		EDDB842E289BA2F3003675B0 /* CatalogableDetailsView.swift */ = {isa = PBXFileReference; lastKnownFileType = sourcecode.swift; name = CatalogableDetailsView.swift; path = ../../../CatalogableDetailsView.swift; sourceTree = "<group>"; };
		EDDB8430289BBDE1003675B0 /* CircleImage.swift */ = {isa = PBXFileReference; lastKnownFileType = sourcecode.swift; path = CircleImage.swift; sourceTree = "<group>"; };
		EDDB8432289BBE23003675B0 /* DataLoader.swift */ = {isa = PBXFileReference; lastKnownFileType = sourcecode.swift; path = DataLoader.swift; sourceTree = "<group>"; };
		EDDB8434289BC37E003675B0 /* HInfo.swift */ = {isa = PBXFileReference; lastKnownFileType = sourcecode.swift; path = HInfo.swift; sourceTree = "<group>"; };
		EDDB8437289BC9B7003675B0 /* Villager.swift */ = {isa = PBXFileReference; lastKnownFileType = sourcecode.swift; path = Villager.swift; sourceTree = "<group>"; };
		EDDB843B289BCD30003675B0 /* ModelData.swift */ = {isa = PBXFileReference; lastKnownFileType = sourcecode.swift; path = ModelData.swift; sourceTree = "<group>"; };
/* End PBXFileReference section */

/* Begin PBXFrameworksBuildPhase section */
		EDDB8413289BA26F003675B0 /* Frameworks */ = {
			isa = PBXFrameworksBuildPhase;
			buildActionMask = 2147483647;
			files = (
			);
			runOnlyForDeploymentPostprocessing = 0;
		};
/* End PBXFrameworksBuildPhase section */

/* Begin PBXGroup section */
		EDDB840D289BA26F003675B0 = {
			isa = PBXGroup;
			children = (
				EDDB8418289BA26F003675B0 /* ACBook */,
				EDDB8417289BA26F003675B0 /* Products */,
			);
			sourceTree = "<group>";
		};
		EDDB8417289BA26F003675B0 /* Products */ = {
			isa = PBXGroup;
			children = (
				EDDB8416289BA26F003675B0 /* ACBook.app */,
			);
			name = Products;
			sourceTree = "<group>";
		};
		EDDB8418289BA26F003675B0 /* ACBook */ = {
			isa = PBXGroup;
			children = (
				EDDB843D289BCE73003675B0 /* Resources */,
				EDDB8436289BC9A3003675B0 /* Model */,
				EDDB842D289BA2D7003675B0 /* View */,
				EDDB8419289BA26F003675B0 /* ACBookApp.swift */,
				EDDB841B289BA26F003675B0 /* ContentView.swift */,
				EDDB841D289BA272003675B0 /* Assets.xcassets */,
				EDDB8422289BA272003675B0 /* Persistence.swift */,
				EDDB8427289BA272003675B0 /* Info.plist */,
				EDDB8424289BA272003675B0 /* ACBook.xcdatamodeld */,
				EDDB841F289BA272003675B0 /* Preview Content */,
				EDDB8432289BBE23003675B0 /* DataLoader.swift */,
				EDDB843B289BCD30003675B0 /* ModelData.swift */,
			);
			path = ACBook;
			sourceTree = "<group>";
		};
		EDDB841F289BA272003675B0 /* Preview Content */ = {
			isa = PBXGroup;
			children = (
				EDDB8420289BA272003675B0 /* Preview Assets.xcassets */,
			);
			path = "Preview Content";
			sourceTree = "<group>";
		};
		EDDB842D289BA2D7003675B0 /* View */ = {
			isa = PBXGroup;
			children = (
				EDDB842E289BA2F3003675B0 /* CatalogableDetailsView.swift */,
				EDDB8430289BBDE1003675B0 /* CircleImage.swift */,
				EDDB8434289BC37E003675B0 /* HInfo.swift */,
				EDD161E8289C1B6B000C9798 /* CatalogableListView.swift */,
				EDD161EA289C1C5C000C9798 /* CatalogableRowView.swift */,
				EDD161EE289C280B000C9798 /* HomeView.swift */,
				EDD161F0289C418D000C9798 /* CatalogView.swift */,
				EDBD7D5C289D67F40081F5C9 /* CatalogableMenuView.swift */,
				EDBD7D5E289D6A9B0081F5C9 /* MuseumView.swift */,
				EDBD7D60289D6EFE0081F5C9 /* UserView.swift */,
				EDBD7D64289D7B0C0081F5C9 /* HInfoFieldCode.swift */,
				EDBD7D66289D7E280081F5C9 /* IconView.swift */,
			);
			path = View;
			sourceTree = "<group>";
		};
		EDDB8436289BC9A3003675B0 /* Model */ = {
			isa = PBXGroup;
			children = (
				EDDB8437289BC9B7003675B0 /* Villager.swift */,
				EDBD7D68289E734A0081F5C9 /* GameEntity.swift */,
				EDBD7D6A289E77F90081F5C9 /* Catalogable.swift */,
				ED04FFF628A16306003C9732 /* Creature.swift */,
				ED04FFFE28A196B4003C9732 /* Art.swift */,
				ED04000428A19BD1003C9732 /* Fossils.swift */,
				ED04000628A2B415003C9732 /* Month.swift */,
			);
			path = Model;
			sourceTree = "<group>";
		};
		EDDB843D289BCE73003675B0 /* Resources */ = {
			isa = PBXGroup;
			children = (
				DF714FAA28ABD58E0009B4A6 /* arts.json */,
				DF714FAB28ABD58E0009B4A6 /* creatures.json */,
				DF714FA928ABD58E0009B4A6 /* fossils.json */,
				EDD161EC289C2608000C9798 /* villagers.json */,
			);
			path = Resources;
			sourceTree = "<group>";
		};
/* End PBXGroup section */

/* Begin PBXNativeTarget section */
		EDDB8415289BA26F003675B0 /* ACBook */ = {
			isa = PBXNativeTarget;
			buildConfigurationList = EDDB842A289BA272003675B0 /* Build configuration list for PBXNativeTarget "ACBook" */;
			buildPhases = (
				EDDB8412289BA26F003675B0 /* Sources */,
				EDDB8413289BA26F003675B0 /* Frameworks */,
				EDDB8414289BA26F003675B0 /* Resources */,
			);
			buildRules = (
			);
			dependencies = (
			);
			name = ACBook;
			productName = ACBook;
			productReference = EDDB8416289BA26F003675B0 /* ACBook.app */;
			productType = "com.apple.product-type.application";
		};
/* End PBXNativeTarget section */

/* Begin PBXProject section */
		EDDB840E289BA26F003675B0 /* Project object */ = {
			isa = PBXProject;
			attributes = {
				LastSwiftUpdateCheck = 1250;
				LastUpgradeCheck = 1250;
				TargetAttributes = {
					EDDB8415289BA26F003675B0 = {
						CreatedOnToolsVersion = 12.5.1;
					};
				};
			};
			buildConfigurationList = EDDB8411289BA26F003675B0 /* Build configuration list for PBXProject "ACBook" */;
			compatibilityVersion = "Xcode 9.3";
			developmentRegion = en;
			hasScannedForEncodings = 0;
			knownRegions = (
				en,
				Base,
			);
			mainGroup = EDDB840D289BA26F003675B0;
			productRefGroup = EDDB8417289BA26F003675B0 /* Products */;
			projectDirPath = "";
			projectRoot = "";
			targets = (
				EDDB8415289BA26F003675B0 /* ACBook */,
			);
		};
/* End PBXProject section */

/* Begin PBXResourcesBuildPhase section */
		EDDB8414289BA26F003675B0 /* Resources */ = {
			isa = PBXResourcesBuildPhase;
			buildActionMask = 2147483647;
			files = (
				EDDB8421289BA272003675B0 /* Preview Assets.xcassets in Resources */,
				EDDB841E289BA272003675B0 /* Assets.xcassets in Resources */,
				DF714FAE28ABD58E0009B4A6 /* creatures.json in Resources */,
				DF714FAD28ABD58E0009B4A6 /* arts.json in Resources */,
				EDD161ED289C2608000C9798 /* villagers.json in Resources */,
				DF714FAC28ABD58E0009B4A6 /* fossils.json in Resources */,
			);
			runOnlyForDeploymentPostprocessing = 0;
		};
/* End PBXResourcesBuildPhase section */

/* Begin PBXSourcesBuildPhase section */
		EDDB8412289BA26F003675B0 /* Sources */ = {
			isa = PBXSourcesBuildPhase;
			buildActionMask = 2147483647;
			files = (
				ED04000728A2B415003C9732 /* Month.swift in Sources */,
				EDDB8438289BC9B7003675B0 /* Villager.swift in Sources */,
				EDDB8423289BA272003675B0 /* Persistence.swift in Sources */,
				EDBD7D5F289D6A9B0081F5C9 /* MuseumView.swift in Sources */,
				EDD161EF289C280B000C9798 /* HomeView.swift in Sources */,
				EDDB842F289BA2F3003675B0 /* CatalogableDetailsView.swift in Sources */,
				EDDB8435289BC37E003675B0 /* HInfo.swift in Sources */,
				ED04FFFF28A196B4003C9732 /* Art.swift in Sources */,
				EDBD7D65289D7B0C0081F5C9 /* HInfoFieldCode.swift in Sources */,
				EDDB8433289BBE23003675B0 /* DataLoader.swift in Sources */,
				EDD161EB289C1C5C000C9798 /* CatalogableRowView.swift in Sources */,
				EDDB841C289BA26F003675B0 /* ContentView.swift in Sources */,
				ED04000528A19BD1003C9732 /* Fossils.swift in Sources */,
				EDDB8426289BA272003675B0 /* ACBook.xcdatamodeld in Sources */,
				EDDB843C289BCD30003675B0 /* ModelData.swift in Sources */,
				EDBD7D67289D7E280081F5C9 /* IconView.swift in Sources */,
				EDDB841A289BA26F003675B0 /* ACBookApp.swift in Sources */,
				EDBD7D69289E734A0081F5C9 /* GameEntity.swift in Sources */,
				EDD161E9289C1B6B000C9798 /* CatalogableListView.swift in Sources */,
				EDBD7D6B289E77F90081F5C9 /* Catalogable.swift in Sources */,
				EDBD7D61289D6EFE0081F5C9 /* UserView.swift in Sources */,
				EDD161F1289C418D000C9798 /* CatalogView.swift in Sources */,
				EDBD7D5D289D67F40081F5C9 /* CatalogableMenuView.swift in Sources */,
				ED04FFF728A16306003C9732 /* Creature.swift in Sources */,
				EDDB8431289BBDE1003675B0 /* CircleImage.swift in Sources */,
			);
			runOnlyForDeploymentPostprocessing = 0;
		};
/* End PBXSourcesBuildPhase section */

/* Begin XCBuildConfiguration section */
		EDDB8428289BA272003675B0 /* Debug */ = {
			isa = XCBuildConfiguration;
			buildSettings = {
				ALWAYS_SEARCH_USER_PATHS = NO;
				CLANG_ANALYZER_NONNULL = YES;
				CLANG_ANALYZER_NUMBER_OBJECT_CONVERSION = YES_AGGRESSIVE;
				CLANG_CXX_LANGUAGE_STANDARD = "gnu++14";
				CLANG_CXX_LIBRARY = "libc++";
				CLANG_ENABLE_MODULES = YES;
				CLANG_ENABLE_OBJC_ARC = YES;
				CLANG_ENABLE_OBJC_WEAK = YES;
				CLANG_WARN_BLOCK_CAPTURE_AUTORELEASING = YES;
				CLANG_WARN_BOOL_CONVERSION = YES;
				CLANG_WARN_COMMA = YES;
				CLANG_WARN_CONSTANT_CONVERSION = YES;
				CLANG_WARN_DEPRECATED_OBJC_IMPLEMENTATIONS = YES;
				CLANG_WARN_DIRECT_OBJC_ISA_USAGE = YES_ERROR;
				CLANG_WARN_DOCUMENTATION_COMMENTS = YES;
				CLANG_WARN_EMPTY_BODY = YES;
				CLANG_WARN_ENUM_CONVERSION = YES;
				CLANG_WARN_INFINITE_RECURSION = YES;
				CLANG_WARN_INT_CONVERSION = YES;
				CLANG_WARN_NON_LITERAL_NULL_CONVERSION = YES;
				CLANG_WARN_OBJC_IMPLICIT_RETAIN_SELF = YES;
				CLANG_WARN_OBJC_LITERAL_CONVERSION = YES;
				CLANG_WARN_OBJC_ROOT_CLASS = YES_ERROR;
				CLANG_WARN_QUOTED_INCLUDE_IN_FRAMEWORK_HEADER = YES;
				CLANG_WARN_RANGE_LOOP_ANALYSIS = YES;
				CLANG_WARN_STRICT_PROTOTYPES = YES;
				CLANG_WARN_SUSPICIOUS_MOVE = YES;
				CLANG_WARN_UNGUARDED_AVAILABILITY = YES_AGGRESSIVE;
				CLANG_WARN_UNREACHABLE_CODE = YES;
				CLANG_WARN__DUPLICATE_METHOD_MATCH = YES;
				COPY_PHASE_STRIP = NO;
				DEBUG_INFORMATION_FORMAT = dwarf;
				ENABLE_STRICT_OBJC_MSGSEND = YES;
				ENABLE_TESTABILITY = YES;
				GCC_C_LANGUAGE_STANDARD = gnu11;
				GCC_DYNAMIC_NO_PIC = NO;
				GCC_NO_COMMON_BLOCKS = YES;
				GCC_OPTIMIZATION_LEVEL = 0;
				GCC_PREPROCESSOR_DEFINITIONS = (
					"DEBUG=1",
					"$(inherited)",
				);
				GCC_WARN_64_TO_32_BIT_CONVERSION = YES;
				GCC_WARN_ABOUT_RETURN_TYPE = YES_ERROR;
				GCC_WARN_UNDECLARED_SELECTOR = YES;
				GCC_WARN_UNINITIALIZED_AUTOS = YES_AGGRESSIVE;
				GCC_WARN_UNUSED_FUNCTION = YES;
				GCC_WARN_UNUSED_VARIABLE = YES;
				IPHONEOS_DEPLOYMENT_TARGET = 14.5;
				MTL_ENABLE_DEBUG_INFO = INCLUDE_SOURCE;
				MTL_FAST_MATH = YES;
				ONLY_ACTIVE_ARCH = YES;
				SDKROOT = iphoneos;
				SWIFT_ACTIVE_COMPILATION_CONDITIONS = DEBUG;
				SWIFT_OPTIMIZATION_LEVEL = "-Onone";
			};
			name = Debug;
		};
		EDDB8429289BA272003675B0 /* Release */ = {
			isa = XCBuildConfiguration;
			buildSettings = {
				ALWAYS_SEARCH_USER_PATHS = NO;
				CLANG_ANALYZER_NONNULL = YES;
				CLANG_ANALYZER_NUMBER_OBJECT_CONVERSION = YES_AGGRESSIVE;
				CLANG_CXX_LANGUAGE_STANDARD = "gnu++14";
				CLANG_CXX_LIBRARY = "libc++";
				CLANG_ENABLE_MODULES = YES;
				CLANG_ENABLE_OBJC_ARC = YES;
				CLANG_ENABLE_OBJC_WEAK = YES;
				CLANG_WARN_BLOCK_CAPTURE_AUTORELEASING = YES;
				CLANG_WARN_BOOL_CONVERSION = YES;
				CLANG_WARN_COMMA = YES;
				CLANG_WARN_CONSTANT_CONVERSION = YES;
				CLANG_WARN_DEPRECATED_OBJC_IMPLEMENTATIONS = YES;
				CLANG_WARN_DIRECT_OBJC_ISA_USAGE = YES_ERROR;
				CLANG_WARN_DOCUMENTATION_COMMENTS = YES;
				CLANG_WARN_EMPTY_BODY = YES;
				CLANG_WARN_ENUM_CONVERSION = YES;
				CLANG_WARN_INFINITE_RECURSION = YES;
				CLANG_WARN_INT_CONVERSION = YES;
				CLANG_WARN_NON_LITERAL_NULL_CONVERSION = YES;
				CLANG_WARN_OBJC_IMPLICIT_RETAIN_SELF = YES;
				CLANG_WARN_OBJC_LITERAL_CONVERSION = YES;
				CLANG_WARN_OBJC_ROOT_CLASS = YES_ERROR;
				CLANG_WARN_QUOTED_INCLUDE_IN_FRAMEWORK_HEADER = YES;
				CLANG_WARN_RANGE_LOOP_ANALYSIS = YES;
				CLANG_WARN_STRICT_PROTOTYPES = YES;
				CLANG_WARN_SUSPICIOUS_MOVE = YES;
				CLANG_WARN_UNGUARDED_AVAILABILITY = YES_AGGRESSIVE;
				CLANG_WARN_UNREACHABLE_CODE = YES;
				CLANG_WARN__DUPLICATE_METHOD_MATCH = YES;
				COPY_PHASE_STRIP = NO;
				DEBUG_INFORMATION_FORMAT = "dwarf-with-dsym";
				ENABLE_NS_ASSERTIONS = NO;
				ENABLE_STRICT_OBJC_MSGSEND = YES;
				GCC_C_LANGUAGE_STANDARD = gnu11;
				GCC_NO_COMMON_BLOCKS = YES;
				GCC_WARN_64_TO_32_BIT_CONVERSION = YES;
				GCC_WARN_ABOUT_RETURN_TYPE = YES_ERROR;
				GCC_WARN_UNDECLARED_SELECTOR = YES;
				GCC_WARN_UNINITIALIZED_AUTOS = YES_AGGRESSIVE;
				GCC_WARN_UNUSED_FUNCTION = YES;
				GCC_WARN_UNUSED_VARIABLE = YES;
				IPHONEOS_DEPLOYMENT_TARGET = 14.5;
				MTL_ENABLE_DEBUG_INFO = NO;
				MTL_FAST_MATH = YES;
				SDKROOT = iphoneos;
				SWIFT_COMPILATION_MODE = wholemodule;
				SWIFT_OPTIMIZATION_LEVEL = "-O";
				VALIDATE_PRODUCT = YES;
			};
			name = Release;
		};
		EDDB842B289BA272003675B0 /* Debug */ = {
			isa = XCBuildConfiguration;
			buildSettings = {
				ASSETCATALOG_COMPILER_APPICON_NAME = AppIcon;
				ASSETCATALOG_COMPILER_GLOBAL_ACCENT_COLOR_NAME = AccentColor;
				CODE_SIGN_STYLE = Automatic;
				DEVELOPMENT_ASSET_PATHS = "\"ACBook/Preview Content\"";
				DEVELOPMENT_TEAM = RUY9U8HUR5;
				ENABLE_PREVIEWS = YES;
				INFOPLIST_FILE = ACBook/Info.plist;
				IPHONEOS_DEPLOYMENT_TARGET = 15.2;
				LD_RUNPATH_SEARCH_PATHS = (
					"$(inherited)",
					"@executable_path/Frameworks",
				);
				PRODUCT_BUNDLE_IDENTIFIER = com.signo.ACBook;
				PRODUCT_NAME = "$(TARGET_NAME)";
				SWIFT_VERSION = 5.0;
				TARGETED_DEVICE_FAMILY = "1,2";
			};
			name = Debug;
		};
		EDDB842C289BA272003675B0 /* Release */ = {
			isa = XCBuildConfiguration;
			buildSettings = {
				ASSETCATALOG_COMPILER_APPICON_NAME = AppIcon;
				ASSETCATALOG_COMPILER_GLOBAL_ACCENT_COLOR_NAME = AccentColor;
				CODE_SIGN_STYLE = Automatic;
				DEVELOPMENT_ASSET_PATHS = "\"ACBook/Preview Content\"";
				DEVELOPMENT_TEAM = RUY9U8HUR5;
				ENABLE_PREVIEWS = YES;
				INFOPLIST_FILE = ACBook/Info.plist;
				IPHONEOS_DEPLOYMENT_TARGET = 15.2;
				LD_RUNPATH_SEARCH_PATHS = (
					"$(inherited)",
					"@executable_path/Frameworks",
				);
				PRODUCT_BUNDLE_IDENTIFIER = com.signo.ACBook;
				PRODUCT_NAME = "$(TARGET_NAME)";
				SWIFT_VERSION = 5.0;
				TARGETED_DEVICE_FAMILY = "1,2";
			};
			name = Release;
		};
/* End XCBuildConfiguration section */

/* Begin XCConfigurationList section */
		EDDB8411289BA26F003675B0 /* Build configuration list for PBXProject "ACBook" */ = {
			isa = XCConfigurationList;
			buildConfigurations = (
				EDDB8428289BA272003675B0 /* Debug */,
				EDDB8429289BA272003675B0 /* Release */,
			);
			defaultConfigurationIsVisible = 0;
			defaultConfigurationName = Release;
		};
		EDDB842A289BA272003675B0 /* Build configuration list for PBXNativeTarget "ACBook" */ = {
			isa = XCConfigurationList;
			buildConfigurations = (
				EDDB842B289BA272003675B0 /* Debug */,
				EDDB842C289BA272003675B0 /* Release */,
			);
			defaultConfigurationIsVisible = 0;
			defaultConfigurationName = Release;
		};
/* End XCConfigurationList section */

/* Begin XCVersionGroup section */
		EDDB8424289BA272003675B0 /* ACBook.xcdatamodeld */ = {
			isa = XCVersionGroup;
			children = (
				EDDB8425289BA272003675B0 /* ACBook.xcdatamodel */,
			);
			currentVersion = EDDB8425289BA272003675B0 /* ACBook.xcdatamodel */;
			path = ACBook.xcdatamodeld;
			sourceTree = "<group>";
			versionGroupType = wrapper.xcdatamodel;
		};
/* End XCVersionGroup section */
	};
	rootObject = EDDB840E289BA26F003675B0 /* Project object */;
}
